// !$*UTF8*$!
{
	archiveVersion = 1;
	classes = {
	};
	objectVersion = 56;
	objects = {

/* Begin PBXBuildFile section */
		19020D002A7D98CF00616BBE /* Trabits.xcdatamodeld in Sources */ = {isa = PBXBuildFile; fileRef = 19020CFE2A7D98CF00616BBE /* Trabits.xcdatamodeld */; };
		19020D032A7DBC8B00616BBE /* EmptyStateView.swift in Sources */ = {isa = PBXBuildFile; fileRef = 19020D022A7DBC8B00616BBE /* EmptyStateView.swift */; };
		19020D062A83042600616BBE /* HabitsListViewController.swift in Sources */ = {isa = PBXBuildFile; fileRef = 19020D052A83042600616BBE /* HabitsListViewController.swift */; };
		190961E02A8FBB9B006C37DD /* HabitsListDataProvider.swift in Sources */ = {isa = PBXBuildFile; fileRef = 190961DF2A8FBB9B006C37DD /* HabitsListDataProvider.swift */; };
		190961E22A8FD444006C37DD /* CategoryListCell.swift in Sources */ = {isa = PBXBuildFile; fileRef = 190961E12A8FD444006C37DD /* CategoryListCell.swift */; };
		190961E42A8FD46B006C37DD /* HabitListCell.swift in Sources */ = {isa = PBXBuildFile; fileRef = 190961E32A8FD46B006C37DD /* HabitListCell.swift */; };
		194AC59D2A40F49900383B29 /* AppDelegate.swift in Sources */ = {isa = PBXBuildFile; fileRef = 194AC59C2A40F49900383B29 /* AppDelegate.swift */; };
		194AC59F2A40F49900383B29 /* SceneDelegate.swift in Sources */ = {isa = PBXBuildFile; fileRef = 194AC59E2A40F49900383B29 /* SceneDelegate.swift */; };
		194AC5A12A40F49900383B29 /* CategoriesViewController.swift in Sources */ = {isa = PBXBuildFile; fileRef = 194AC5A02A40F49900383B29 /* CategoriesViewController.swift */; };
		194AC5A92A40F49B00383B29 /* Assets.xcassets in Resources */ = {isa = PBXBuildFile; fileRef = 194AC5A82A40F49B00383B29 /* Assets.xcassets */; };
		194AC5AC2A40F49B00383B29 /* LaunchScreen.storyboard in Resources */ = {isa = PBXBuildFile; fileRef = 194AC5AA2A40F49B00383B29 /* LaunchScreen.storyboard */; };
		19801E482A411D300050C8C9 /* Habit+CoreDataClass.swift in Sources */ = {isa = PBXBuildFile; fileRef = 19801E442A411D300050C8C9 /* Habit+CoreDataClass.swift */; };
		19801E492A411D300050C8C9 /* Habit+CoreDataProperties.swift in Sources */ = {isa = PBXBuildFile; fileRef = 19801E452A411D300050C8C9 /* Habit+CoreDataProperties.swift */; };
		19801E4D2A4121BF0050C8C9 /* CategoryCell.swift in Sources */ = {isa = PBXBuildFile; fileRef = 19801E4C2A4121BF0050C8C9 /* CategoryCell.swift */; };
		19801E532A450A150050C8C9 /* EditCategoryViewController.swift in Sources */ = {isa = PBXBuildFile; fileRef = 19801E522A450A150050C8C9 /* EditCategoryViewController.swift */; };
		19801E562A45F6410050C8C9 /* Category+CoreDataClass.swift in Sources */ = {isa = PBXBuildFile; fileRef = 19801E542A45F6410050C8C9 /* Category+CoreDataClass.swift */; };
		19801E572A45F6410050C8C9 /* Category+CoreDataProperties.swift in Sources */ = {isa = PBXBuildFile; fileRef = 19801E552A45F6410050C8C9 /* Category+CoreDataProperties.swift */; };
		19801E592A4798820050C8C9 /* UIColorValueTransformer.swift in Sources */ = {isa = PBXBuildFile; fileRef = 19801E582A4798820050C8C9 /* UIColorValueTransformer.swift */; };
		19BB9BE42A6F16D000D328BD /* CoreDataStack.swift in Sources */ = {isa = PBXBuildFile; fileRef = 19BB9BE32A6F16D000D328BD /* CoreDataStack.swift */; };
		19BB9BE92A6F313100D328BD /* CategoryDetailHabitCell.swift in Sources */ = {isa = PBXBuildFile; fileRef = 19BB9BE82A6F313100D328BD /* CategoryDetailHabitCell.swift */; };
		19BB9BEB2A6F332300D328BD /* CategoryDetailViewController.swift in Sources */ = {isa = PBXBuildFile; fileRef = 19BB9BEA2A6F332300D328BD /* CategoryDetailViewController.swift */; };
		19C539332A76BD2F003D9C4C /* CategoryDetailCell.swift in Sources */ = {isa = PBXBuildFile; fileRef = 19C539322A76BD2F003D9C4C /* CategoryDetailCell.swift */; };
		19C539352A78078A003D9C4C /* CategoryDetailHabitsHeader.swift in Sources */ = {isa = PBXBuildFile; fileRef = 19C539342A78078A003D9C4C /* CategoryDetailHabitsHeader.swift */; };
		19C539372A7C1EE4003D9C4C /* EditHabitViewController.swift in Sources */ = {isa = PBXBuildFile; fileRef = 19C539362A7C1EE4003D9C4C /* EditHabitViewController.swift */; };
		19C539392A7D4E1B003D9C4C /* TodayViewController.swift in Sources */ = {isa = PBXBuildFile; fileRef = 19C539382A7D4E1B003D9C4C /* TodayViewController.swift */; };
/* End PBXBuildFile section */

/* Begin PBXFileReference section */
		19020CFF2A7D98CF00616BBE /* Trabits.xcdatamodel */ = {isa = PBXFileReference; lastKnownFileType = wrapper.xcdatamodel; path = Trabits.xcdatamodel; sourceTree = "<group>"; };
		19020D022A7DBC8B00616BBE /* EmptyStateView.swift */ = {isa = PBXFileReference; lastKnownFileType = sourcecode.swift; path = EmptyStateView.swift; sourceTree = "<group>"; };
		19020D052A83042600616BBE /* HabitsListViewController.swift */ = {isa = PBXFileReference; lastKnownFileType = sourcecode.swift; path = HabitsListViewController.swift; sourceTree = "<group>"; };
		190961DF2A8FBB9B006C37DD /* HabitsListDataProvider.swift */ = {isa = PBXFileReference; lastKnownFileType = sourcecode.swift; path = HabitsListDataProvider.swift; sourceTree = "<group>"; };
		190961E12A8FD444006C37DD /* CategoryListCell.swift */ = {isa = PBXFileReference; lastKnownFileType = sourcecode.swift; path = CategoryListCell.swift; sourceTree = "<group>"; };
		190961E32A8FD46B006C37DD /* HabitListCell.swift */ = {isa = PBXFileReference; lastKnownFileType = sourcecode.swift; path = HabitListCell.swift; sourceTree = "<group>"; };
		194AC5992A40F49900383B29 /* Trabits.app */ = {isa = PBXFileReference; explicitFileType = wrapper.application; includeInIndex = 0; path = Trabits.app; sourceTree = BUILT_PRODUCTS_DIR; };
		194AC59C2A40F49900383B29 /* AppDelegate.swift */ = {isa = PBXFileReference; lastKnownFileType = sourcecode.swift; path = AppDelegate.swift; sourceTree = "<group>"; };
		194AC59E2A40F49900383B29 /* SceneDelegate.swift */ = {isa = PBXFileReference; lastKnownFileType = sourcecode.swift; path = SceneDelegate.swift; sourceTree = "<group>"; };
		194AC5A02A40F49900383B29 /* CategoriesViewController.swift */ = {isa = PBXFileReference; lastKnownFileType = sourcecode.swift; path = CategoriesViewController.swift; sourceTree = "<group>"; };
		194AC5A82A40F49B00383B29 /* Assets.xcassets */ = {isa = PBXFileReference; lastKnownFileType = folder.assetcatalog; path = Assets.xcassets; sourceTree = "<group>"; };
		194AC5AB2A40F49B00383B29 /* Base */ = {isa = PBXFileReference; lastKnownFileType = file.storyboard; name = Base; path = Base.lproj/LaunchScreen.storyboard; sourceTree = "<group>"; };
		194AC5AD2A40F49B00383B29 /* Info.plist */ = {isa = PBXFileReference; lastKnownFileType = text.plist.xml; path = Info.plist; sourceTree = "<group>"; };
		19801E442A411D300050C8C9 /* Habit+CoreDataClass.swift */ = {isa = PBXFileReference; lastKnownFileType = sourcecode.swift; path = "Habit+CoreDataClass.swift"; sourceTree = "<group>"; };
		19801E452A411D300050C8C9 /* Habit+CoreDataProperties.swift */ = {isa = PBXFileReference; lastKnownFileType = sourcecode.swift; path = "Habit+CoreDataProperties.swift"; sourceTree = "<group>"; };
		19801E4C2A4121BF0050C8C9 /* CategoryCell.swift */ = {isa = PBXFileReference; lastKnownFileType = sourcecode.swift; path = CategoryCell.swift; sourceTree = "<group>"; };
		19801E522A450A150050C8C9 /* EditCategoryViewController.swift */ = {isa = PBXFileReference; lastKnownFileType = sourcecode.swift; path = EditCategoryViewController.swift; sourceTree = "<group>"; };
		19801E542A45F6410050C8C9 /* Category+CoreDataClass.swift */ = {isa = PBXFileReference; lastKnownFileType = sourcecode.swift; path = "Category+CoreDataClass.swift"; sourceTree = "<group>"; };
		19801E552A45F6410050C8C9 /* Category+CoreDataProperties.swift */ = {isa = PBXFileReference; lastKnownFileType = sourcecode.swift; path = "Category+CoreDataProperties.swift"; sourceTree = "<group>"; };
		19801E582A4798820050C8C9 /* UIColorValueTransformer.swift */ = {isa = PBXFileReference; lastKnownFileType = sourcecode.swift; path = UIColorValueTransformer.swift; sourceTree = "<group>"; };
		19BB9BE32A6F16D000D328BD /* CoreDataStack.swift */ = {isa = PBXFileReference; lastKnownFileType = sourcecode.swift; path = CoreDataStack.swift; sourceTree = "<group>"; };
		19BB9BE82A6F313100D328BD /* CategoryDetailHabitCell.swift */ = {isa = PBXFileReference; lastKnownFileType = sourcecode.swift; path = CategoryDetailHabitCell.swift; sourceTree = "<group>"; };
		19BB9BEA2A6F332300D328BD /* CategoryDetailViewController.swift */ = {isa = PBXFileReference; lastKnownFileType = sourcecode.swift; path = CategoryDetailViewController.swift; sourceTree = "<group>"; };
		19C539322A76BD2F003D9C4C /* CategoryDetailCell.swift */ = {isa = PBXFileReference; lastKnownFileType = sourcecode.swift; path = CategoryDetailCell.swift; sourceTree = "<group>"; };
		19C539342A78078A003D9C4C /* CategoryDetailHabitsHeader.swift */ = {isa = PBXFileReference; lastKnownFileType = sourcecode.swift; path = CategoryDetailHabitsHeader.swift; sourceTree = "<group>"; };
		19C539362A7C1EE4003D9C4C /* EditHabitViewController.swift */ = {isa = PBXFileReference; lastKnownFileType = sourcecode.swift; path = EditHabitViewController.swift; sourceTree = "<group>"; };
		19C539382A7D4E1B003D9C4C /* TodayViewController.swift */ = {isa = PBXFileReference; lastKnownFileType = sourcecode.swift; path = TodayViewController.swift; sourceTree = "<group>"; };
/* End PBXFileReference section */

/* Begin PBXFrameworksBuildPhase section */
		194AC5962A40F49900383B29 /* Frameworks */ = {
			isa = PBXFrameworksBuildPhase;
			buildActionMask = 2147483647;
			files = (
			);
			runOnlyForDeploymentPostprocessing = 0;
		};
/* End PBXFrameworksBuildPhase section */

/* Begin PBXGroup section */
		19020D012A7DBC6B00616BBE /* Views */ = {
			isa = PBXGroup;
			children = (
				19020D022A7DBC8B00616BBE /* EmptyStateView.swift */,
			);
			path = Views;
			sourceTree = "<group>";
		};
		19020D042A8303FE00616BBE /* Habits */ = {
			isa = PBXGroup;
			children = (
				19020D052A83042600616BBE /* HabitsListViewController.swift */,
				190961DF2A8FBB9B006C37DD /* HabitsListDataProvider.swift */,
				190961E12A8FD444006C37DD /* CategoryListCell.swift */,
				190961E32A8FD46B006C37DD /* HabitListCell.swift */,
			);
			path = Habits;
			sourceTree = "<group>";
		};
		194AC5902A40F49900383B29 = {
			isa = PBXGroup;
			children = (
				194AC59B2A40F49900383B29 /* Trabits */,
				194AC59A2A40F49900383B29 /* Products */,
			);
			sourceTree = "<group>";
		};
		194AC59A2A40F49900383B29 /* Products */ = {
			isa = PBXGroup;
			children = (
				194AC5992A40F49900383B29 /* Trabits.app */,
			);
			name = Products;
			sourceTree = "<group>";
		};
		194AC59B2A40F49900383B29 /* Trabits */ = {
			isa = PBXGroup;
			children = (
				19020D012A7DBC6B00616BBE /* Views */,
				19BB9BE62A6F285600D328BD /* Assets */,
				19BB9BE52A6F284600D328BD /* App */,
				19BB9BE12A6F168900D328BD /* CoreData */,
				19C5393C2A7D8761003D9C4C /* Today */,
				19BB9BE72A6F287800D328BD /* Settings */,
				19020D042A8303FE00616BBE /* Habits */,
			);
			path = Trabits;
			sourceTree = "<group>";
		};
		19BB9BE12A6F168900D328BD /* CoreData */ = {
			isa = PBXGroup;
			children = (
				19BB9BE22A6F16B200D328BD /* Models */,
				19801E582A4798820050C8C9 /* UIColorValueTransformer.swift */,
				19BB9BE32A6F16D000D328BD /* CoreDataStack.swift */,
				19020CFE2A7D98CF00616BBE /* Trabits.xcdatamodeld */,
			);
			path = CoreData;
			sourceTree = "<group>";
		};
		19BB9BE22A6F16B200D328BD /* Models */ = {
			isa = PBXGroup;
			children = (
				19801E442A411D300050C8C9 /* Habit+CoreDataClass.swift */,
				19801E452A411D300050C8C9 /* Habit+CoreDataProperties.swift */,
				19801E542A45F6410050C8C9 /* Category+CoreDataClass.swift */,
				19801E552A45F6410050C8C9 /* Category+CoreDataProperties.swift */,
			);
			path = Models;
			sourceTree = "<group>";
		};
		19BB9BE52A6F284600D328BD /* App */ = {
			isa = PBXGroup;
			children = (
				194AC59C2A40F49900383B29 /* AppDelegate.swift */,
				194AC59E2A40F49900383B29 /* SceneDelegate.swift */,
				194AC5AD2A40F49B00383B29 /* Info.plist */,
			);
			path = App;
			sourceTree = "<group>";
		};
		19BB9BE62A6F285600D328BD /* Assets */ = {
			isa = PBXGroup;
			children = (
				194AC5AA2A40F49B00383B29 /* LaunchScreen.storyboard */,
				194AC5A82A40F49B00383B29 /* Assets.xcassets */,
			);
			path = Assets;
			sourceTree = "<group>";
		};
		19BB9BE72A6F287800D328BD /* Settings */ = {
			isa = PBXGroup;
			children = (
				194AC5A02A40F49900383B29 /* CategoriesViewController.swift */,
				19801E4C2A4121BF0050C8C9 /* CategoryCell.swift */,
				19801E522A450A150050C8C9 /* EditCategoryViewController.swift */,
				19BB9BEA2A6F332300D328BD /* CategoryDetailViewController.swift */,
				19C539322A76BD2F003D9C4C /* CategoryDetailCell.swift */,
				19C539342A78078A003D9C4C /* CategoryDetailHabitsHeader.swift */,
				19BB9BE82A6F313100D328BD /* CategoryDetailHabitCell.swift */,
				19C539362A7C1EE4003D9C4C /* EditHabitViewController.swift */,
			);
			path = Settings;
			sourceTree = "<group>";
		};
		19C5393C2A7D8761003D9C4C /* Today */ = {
			isa = PBXGroup;
			children = (
				19C539382A7D4E1B003D9C4C /* TodayViewController.swift */,
			);
			name = Today;
			sourceTree = "<group>";
		};
/* End PBXGroup section */

/* Begin PBXNativeTarget section */
		194AC5982A40F49900383B29 /* Trabits */ = {
			isa = PBXNativeTarget;
			buildConfigurationList = 194AC5B02A40F49B00383B29 /* Build configuration list for PBXNativeTarget "Trabits" */;
			buildPhases = (
				194AC5952A40F49900383B29 /* Sources */,
				194AC5962A40F49900383B29 /* Frameworks */,
				194AC5972A40F49900383B29 /* Resources */,
			);
			buildRules = (
			);
			dependencies = (
			);
			name = Trabits;
			productName = Trabits;
			productReference = 194AC5992A40F49900383B29 /* Trabits.app */;
			productType = "com.apple.product-type.application";
		};
/* End PBXNativeTarget section */

/* Begin PBXProject section */
		194AC5912A40F49900383B29 /* Project object */ = {
			isa = PBXProject;
			attributes = {
				BuildIndependentTargetsInParallel = 1;
				LastSwiftUpdateCheck = 1430;
				LastUpgradeCheck = 1430;
				TargetAttributes = {
					194AC5982A40F49900383B29 = {
						CreatedOnToolsVersion = 14.3.1;
					};
				};
			};
			buildConfigurationList = 194AC5942A40F49900383B29 /* Build configuration list for PBXProject "Trabits" */;
			compatibilityVersion = "Xcode 14.0";
			developmentRegion = en;
			hasScannedForEncodings = 0;
			knownRegions = (
				en,
				Base,
			);
			mainGroup = 194AC5902A40F49900383B29;
			productRefGroup = 194AC59A2A40F49900383B29 /* Products */;
			projectDirPath = "";
			projectRoot = "";
			targets = (
				194AC5982A40F49900383B29 /* Trabits */,
			);
		};
/* End PBXProject section */

/* Begin PBXResourcesBuildPhase section */
		194AC5972A40F49900383B29 /* Resources */ = {
			isa = PBXResourcesBuildPhase;
			buildActionMask = 2147483647;
			files = (
				194AC5AC2A40F49B00383B29 /* LaunchScreen.storyboard in Resources */,
				194AC5A92A40F49B00383B29 /* Assets.xcassets in Resources */,
			);
			runOnlyForDeploymentPostprocessing = 0;
		};
/* End PBXResourcesBuildPhase section */

/* Begin PBXSourcesBuildPhase section */
		194AC5952A40F49900383B29 /* Sources */ = {
			isa = PBXSourcesBuildPhase;
			buildActionMask = 2147483647;
			files = (
				19BB9BE92A6F313100D328BD /* CategoryDetailHabitCell.swift in Sources */,
				194AC5A12A40F49900383B29 /* CategoriesViewController.swift in Sources */,
				19020D032A7DBC8B00616BBE /* EmptyStateView.swift in Sources */,
				19C539392A7D4E1B003D9C4C /* TodayViewController.swift in Sources */,
				19C539372A7C1EE4003D9C4C /* EditHabitViewController.swift in Sources */,
				190961E22A8FD444006C37DD /* CategoryListCell.swift in Sources */,
				19C539332A76BD2F003D9C4C /* CategoryDetailCell.swift in Sources */,
				194AC59D2A40F49900383B29 /* AppDelegate.swift in Sources */,
				19020D062A83042600616BBE /* HabitsListViewController.swift in Sources */,
				19BB9BE42A6F16D000D328BD /* CoreDataStack.swift in Sources */,
				194AC59F2A40F49900383B29 /* SceneDelegate.swift in Sources */,
				19801E492A411D300050C8C9 /* Habit+CoreDataProperties.swift in Sources */,
				190961E02A8FBB9B006C37DD /* HabitsListDataProvider.swift in Sources */,
				19801E592A4798820050C8C9 /* UIColorValueTransformer.swift in Sources */,
				19801E482A411D300050C8C9 /* Habit+CoreDataClass.swift in Sources */,
				19020D002A7D98CF00616BBE /* Trabits.xcdatamodeld in Sources */,
				19801E532A450A150050C8C9 /* EditCategoryViewController.swift in Sources */,
				190961E42A8FD46B006C37DD /* HabitListCell.swift in Sources */,
				19801E572A45F6410050C8C9 /* Category+CoreDataProperties.swift in Sources */,
				19801E562A45F6410050C8C9 /* Category+CoreDataClass.swift in Sources */,
				19801E4D2A4121BF0050C8C9 /* CategoryCell.swift in Sources */,
				19BB9BEB2A6F332300D328BD /* CategoryDetailViewController.swift in Sources */,
				19C539352A78078A003D9C4C /* CategoryDetailHabitsHeader.swift in Sources */,
			);
			runOnlyForDeploymentPostprocessing = 0;
		};
/* End PBXSourcesBuildPhase section */

/* Begin PBXVariantGroup section */
		194AC5AA2A40F49B00383B29 /* LaunchScreen.storyboard */ = {
			isa = PBXVariantGroup;
			children = (
				194AC5AB2A40F49B00383B29 /* Base */,
			);
			name = LaunchScreen.storyboard;
			sourceTree = "<group>";
		};
/* End PBXVariantGroup section */

/* Begin XCBuildConfiguration section */
		194AC5AE2A40F49B00383B29 /* Debug */ = {
			isa = XCBuildConfiguration;
			buildSettings = {
				ALWAYS_SEARCH_USER_PATHS = NO;
				CLANG_ANALYZER_NONNULL = YES;
				CLANG_ANALYZER_NUMBER_OBJECT_CONVERSION = YES_AGGRESSIVE;
				CLANG_CXX_LANGUAGE_STANDARD = "gnu++20";
				CLANG_ENABLE_MODULES = YES;
				CLANG_ENABLE_OBJC_ARC = YES;
				CLANG_ENABLE_OBJC_WEAK = YES;
				CLANG_WARN_BLOCK_CAPTURE_AUTORELEASING = YES;
				CLANG_WARN_BOOL_CONVERSION = YES;
				CLANG_WARN_COMMA = YES;
				CLANG_WARN_CONSTANT_CONVERSION = YES;
				CLANG_WARN_DEPRECATED_OBJC_IMPLEMENTATIONS = YES;
				CLANG_WARN_DIRECT_OBJC_ISA_USAGE = YES_ERROR;
				CLANG_WARN_DOCUMENTATION_COMMENTS = YES;
				CLANG_WARN_EMPTY_BODY = YES;
				CLANG_WARN_ENUM_CONVERSION = YES;
				CLANG_WARN_INFINITE_RECURSION = YES;
				CLANG_WARN_INT_CONVERSION = YES;
				CLANG_WARN_NON_LITERAL_NULL_CONVERSION = YES;
				CLANG_WARN_OBJC_IMPLICIT_RETAIN_SELF = YES;
				CLANG_WARN_OBJC_LITERAL_CONVERSION = YES;
				CLANG_WARN_OBJC_ROOT_CLASS = YES_ERROR;
				CLANG_WARN_QUOTED_INCLUDE_IN_FRAMEWORK_HEADER = YES;
				CLANG_WARN_RANGE_LOOP_ANALYSIS = YES;
				CLANG_WARN_STRICT_PROTOTYPES = YES;
				CLANG_WARN_SUSPICIOUS_MOVE = YES;
				CLANG_WARN_UNGUARDED_AVAILABILITY = YES_AGGRESSIVE;
				CLANG_WARN_UNREACHABLE_CODE = YES;
				CLANG_WARN__DUPLICATE_METHOD_MATCH = YES;
				COPY_PHASE_STRIP = NO;
				DEBUG_INFORMATION_FORMAT = dwarf;
				ENABLE_STRICT_OBJC_MSGSEND = YES;
				ENABLE_TESTABILITY = YES;
				GCC_C_LANGUAGE_STANDARD = gnu11;
				GCC_DYNAMIC_NO_PIC = NO;
				GCC_NO_COMMON_BLOCKS = YES;
				GCC_OPTIMIZATION_LEVEL = 0;
				GCC_PREPROCESSOR_DEFINITIONS = (
					"DEBUG=1",
					"$(inherited)",
				);
				GCC_WARN_64_TO_32_BIT_CONVERSION = YES;
				GCC_WARN_ABOUT_RETURN_TYPE = YES_ERROR;
				GCC_WARN_UNDECLARED_SELECTOR = YES;
				GCC_WARN_UNINITIALIZED_AUTOS = YES_AGGRESSIVE;
				GCC_WARN_UNUSED_FUNCTION = YES;
				GCC_WARN_UNUSED_VARIABLE = YES;
				INFOPLIST_FILE = App/info.plist;
				IPHONEOS_DEPLOYMENT_TARGET = 16.4;
				MTL_ENABLE_DEBUG_INFO = INCLUDE_SOURCE;
				MTL_FAST_MATH = YES;
				ONLY_ACTIVE_ARCH = YES;
				SDKROOT = iphoneos;
				SWIFT_ACTIVE_COMPILATION_CONDITIONS = DEBUG;
				SWIFT_OPTIMIZATION_LEVEL = "-Onone";
			};
			name = Debug;
		};
		194AC5AF2A40F49B00383B29 /* Release */ = {
			isa = XCBuildConfiguration;
			buildSettings = {
				ALWAYS_SEARCH_USER_PATHS = NO;
				CLANG_ANALYZER_NONNULL = YES;
				CLANG_ANALYZER_NUMBER_OBJECT_CONVERSION = YES_AGGRESSIVE;
				CLANG_CXX_LANGUAGE_STANDARD = "gnu++20";
				CLANG_ENABLE_MODULES = YES;
				CLANG_ENABLE_OBJC_ARC = YES;
				CLANG_ENABLE_OBJC_WEAK = YES;
				CLANG_WARN_BLOCK_CAPTURE_AUTORELEASING = YES;
				CLANG_WARN_BOOL_CONVERSION = YES;
				CLANG_WARN_COMMA = YES;
				CLANG_WARN_CONSTANT_CONVERSION = YES;
				CLANG_WARN_DEPRECATED_OBJC_IMPLEMENTATIONS = YES;
				CLANG_WARN_DIRECT_OBJC_ISA_USAGE = YES_ERROR;
				CLANG_WARN_DOCUMENTATION_COMMENTS = YES;
				CLANG_WARN_EMPTY_BODY = YES;
				CLANG_WARN_ENUM_CONVERSION = YES;
				CLANG_WARN_INFINITE_RECURSION = YES;
				CLANG_WARN_INT_CONVERSION = YES;
				CLANG_WARN_NON_LITERAL_NULL_CONVERSION = YES;
				CLANG_WARN_OBJC_IMPLICIT_RETAIN_SELF = YES;
				CLANG_WARN_OBJC_LITERAL_CONVERSION = YES;
				CLANG_WARN_OBJC_ROOT_CLASS = YES_ERROR;
				CLANG_WARN_QUOTED_INCLUDE_IN_FRAMEWORK_HEADER = YES;
				CLANG_WARN_RANGE_LOOP_ANALYSIS = YES;
				CLANG_WARN_STRICT_PROTOTYPES = YES;
				CLANG_WARN_SUSPICIOUS_MOVE = YES;
				CLANG_WARN_UNGUARDED_AVAILABILITY = YES_AGGRESSIVE;
				CLANG_WARN_UNREACHABLE_CODE = YES;
				CLANG_WARN__DUPLICATE_METHOD_MATCH = YES;
				COPY_PHASE_STRIP = NO;
				DEBUG_INFORMATION_FORMAT = "dwarf-with-dsym";
				ENABLE_NS_ASSERTIONS = NO;
				ENABLE_STRICT_OBJC_MSGSEND = YES;
				GCC_C_LANGUAGE_STANDARD = gnu11;
				GCC_NO_COMMON_BLOCKS = YES;
				GCC_WARN_64_TO_32_BIT_CONVERSION = YES;
				GCC_WARN_ABOUT_RETURN_TYPE = YES_ERROR;
				GCC_WARN_UNDECLARED_SELECTOR = YES;
				GCC_WARN_UNINITIALIZED_AUTOS = YES_AGGRESSIVE;
				GCC_WARN_UNUSED_FUNCTION = YES;
				GCC_WARN_UNUSED_VARIABLE = YES;
				INFOPLIST_FILE = App/info.plist;
				IPHONEOS_DEPLOYMENT_TARGET = 16.4;
				MTL_ENABLE_DEBUG_INFO = NO;
				MTL_FAST_MATH = YES;
				SDKROOT = iphoneos;
				SWIFT_COMPILATION_MODE = wholemodule;
				SWIFT_OPTIMIZATION_LEVEL = "-O";
				VALIDATE_PRODUCT = YES;
			};
			name = Release;
		};
		194AC5B12A40F49B00383B29 /* Debug */ = {
			isa = XCBuildConfiguration;
			buildSettings = {
				ASSETCATALOG_COMPILER_APPICON_NAME = AppIcon;
				ASSETCATALOG_COMPILER_GLOBAL_ACCENT_COLOR_NAME = AccentColor;
				CODE_SIGN_STYLE = Automatic;
				CURRENT_PROJECT_VERSION = 1;
				DEVELOPMENT_TEAM = 628AH4U335;
				GENERATE_INFOPLIST_FILE = YES;
				INFOPLIST_FILE = Trabits/App/Info.plist;
				INFOPLIST_KEY_CFBundleDisplayName = Trabits;
				INFOPLIST_KEY_UIApplicationSupportsIndirectInputEvents = YES;
				INFOPLIST_KEY_UILaunchStoryboardName = LaunchScreen.storyboard;
				INFOPLIST_KEY_UIMainStoryboardFile = "";
				INFOPLIST_KEY_UISupportedInterfaceOrientations_iPad = "UIInterfaceOrientationPortrait UIInterfaceOrientationPortraitUpsideDown UIInterfaceOrientationLandscapeLeft UIInterfaceOrientationLandscapeRight";
				INFOPLIST_KEY_UISupportedInterfaceOrientations_iPhone = "UIInterfaceOrientationPortrait UIInterfaceOrientationLandscapeLeft UIInterfaceOrientationLandscapeRight";
				IPHONEOS_DEPLOYMENT_TARGET = 14.0;
				LD_RUNPATH_SEARCH_PATHS = (
					"$(inherited)",
					"@executable_path/Frameworks",
				);
				MARKETING_VERSION = 1.0;
				PRODUCT_BUNDLE_IDENTIFIER = me.nborzenko.Trabits;
				PRODUCT_NAME = "$(TARGET_NAME)";
				SUPPORTED_PLATFORMS = "iphoneos iphonesimulator";
				SUPPORTS_MACCATALYST = NO;
				SUPPORTS_MAC_DESIGNED_FOR_IPHONE_IPAD = NO;
				SWIFT_EMIT_LOC_STRINGS = YES;
				SWIFT_VERSION = 5.0;
				TARGETED_DEVICE_FAMILY = "1,2";
			};
			name = Debug;
		};
		194AC5B22A40F49B00383B29 /* Release */ = {
			isa = XCBuildConfiguration;
			buildSettings = {
				ASSETCATALOG_COMPILER_APPICON_NAME = AppIcon;
				ASSETCATALOG_COMPILER_GLOBAL_ACCENT_COLOR_NAME = AccentColor;
				CODE_SIGN_STYLE = Automatic;
				CURRENT_PROJECT_VERSION = 1;
				DEVELOPMENT_TEAM = 628AH4U335;
				GENERATE_INFOPLIST_FILE = YES;
				INFOPLIST_FILE = Trabits/App/Info.plist;
				INFOPLIST_KEY_CFBundleDisplayName = Trabits;
				INFOPLIST_KEY_UIApplicationSupportsIndirectInputEvents = YES;
				INFOPLIST_KEY_UILaunchStoryboardName = LaunchScreen.storyboard;
				INFOPLIST_KEY_UIMainStoryboardFile = "";
				INFOPLIST_KEY_UISupportedInterfaceOrientations_iPad = "UIInterfaceOrientationPortrait UIInterfaceOrientationPortraitUpsideDown UIInterfaceOrientationLandscapeLeft UIInterfaceOrientationLandscapeRight";
				INFOPLIST_KEY_UISupportedInterfaceOrientations_iPhone = "UIInterfaceOrientationPortrait UIInterfaceOrientationLandscapeLeft UIInterfaceOrientationLandscapeRight";
				IPHONEOS_DEPLOYMENT_TARGET = 14.0;
				LD_RUNPATH_SEARCH_PATHS = (
					"$(inherited)",
					"@executable_path/Frameworks",
				);
				MARKETING_VERSION = 1.0;
				PRODUCT_BUNDLE_IDENTIFIER = me.nborzenko.Trabits;
				PRODUCT_NAME = "$(TARGET_NAME)";
				SUPPORTED_PLATFORMS = "iphoneos iphonesimulator";
				SUPPORTS_MACCATALYST = NO;
				SUPPORTS_MAC_DESIGNED_FOR_IPHONE_IPAD = NO;
				SWIFT_EMIT_LOC_STRINGS = YES;
				SWIFT_VERSION = 5.0;
				TARGETED_DEVICE_FAMILY = "1,2";
			};
			name = Release;
		};
/* End XCBuildConfiguration section */

/* Begin XCConfigurationList section */
		194AC5942A40F49900383B29 /* Build configuration list for PBXProject "Trabits" */ = {
			isa = XCConfigurationList;
			buildConfigurations = (
				194AC5AE2A40F49B00383B29 /* Debug */,
				194AC5AF2A40F49B00383B29 /* Release */,
			);
			defaultConfigurationIsVisible = 0;
			defaultConfigurationName = Release;
		};
		194AC5B02A40F49B00383B29 /* Build configuration list for PBXNativeTarget "Trabits" */ = {
			isa = XCConfigurationList;
			buildConfigurations = (
				194AC5B12A40F49B00383B29 /* Debug */,
				194AC5B22A40F49B00383B29 /* Release */,
			);
			defaultConfigurationIsVisible = 0;
			defaultConfigurationName = Release;
		};
/* End XCConfigurationList section */

/* Begin XCVersionGroup section */
		19020CFE2A7D98CF00616BBE /* Trabits.xcdatamodeld */ = {
			isa = XCVersionGroup;
			children = (
				19020CFF2A7D98CF00616BBE /* Trabits.xcdatamodel */,
			);
			currentVersion = 19020CFF2A7D98CF00616BBE /* Trabits.xcdatamodel */;
			path = Trabits.xcdatamodeld;
			sourceTree = "<group>";
			versionGroupType = wrapper.xcdatamodel;
		};
/* End XCVersionGroup section */
	};
	rootObject = 194AC5912A40F49900383B29 /* Project object */;
}
