// !$*UTF8*$!
{
	archiveVersion = 1;
	classes = {
	};
	objectVersion = 56;
	objects = {

/* Begin PBXBuildFile section */
		19020D002A7D98CF00616BBE /* Trabits.xcdatamodeld in Sources */ = {isa = PBXBuildFile; fileRef = 19020CFE2A7D98CF00616BBE /* Trabits.xcdatamodeld */; };
		19020D032A7DBC8B00616BBE /* EmptyStateView.swift in Sources */ = {isa = PBXBuildFile; fileRef = 19020D022A7DBC8B00616BBE /* EmptyStateView.swift */; };
		190ACBA02B1A86220081A7CD /* CategoryPickerView.swift in Sources */ = {isa = PBXBuildFile; fileRef = 190ACB9F2B1A86220081A7CD /* CategoryPickerView.swift */; };
		19186D502B1D41AD00618E70 /* TitleSelectorView.swift in Sources */ = {isa = PBXBuildFile; fileRef = 19186D4F2B1D41AD00618E70 /* TitleSelectorView.swift */; };
		19186D522B1D41B500618E70 /* DayTargetSelectorView.swift in Sources */ = {isa = PBXBuildFile; fileRef = 19186D512B1D41B500618E70 /* DayTargetSelectorView.swift */; };
		19186D542B1D41BC00618E70 /* WeekGoalSelectorView.swift in Sources */ = {isa = PBXBuildFile; fileRef = 19186D532B1D41BC00618E70 /* WeekGoalSelectorView.swift */; };
		19186D562B1D41C500618E70 /* ColorSelectorView.swift in Sources */ = {isa = PBXBuildFile; fileRef = 19186D552B1D41C500618E70 /* ColorSelectorView.swift */; };
		19186D582B1D41CE00618E70 /* CategorySelectorView.swift in Sources */ = {isa = PBXBuildFile; fileRef = 19186D572B1D41CE00618E70 /* CategorySelectorView.swift */; };
		19186D5B2B1E2D2D00618E70 /* CategoryEditorView.swift in Sources */ = {isa = PBXBuildFile; fileRef = 19186D5A2B1E2D2D00618E70 /* CategoryEditorView.swift */; };
		193BBD182AC5CE8F00A2F0BD /* TrackerDataProvider.swift in Sources */ = {isa = PBXBuildFile; fileRef = 193BBD172AC5CE8F00A2F0BD /* TrackerDataProvider.swift */; };
		193BBD1A2AC6029D00A2F0BD /* TrackerWeekDayCell.swift in Sources */ = {isa = PBXBuildFile; fileRef = 193BBD192AC6029D00A2F0BD /* TrackerWeekDayCell.swift */; };
		193F873B2AFDA03600B45DE5 /* UnderlinedContainerView.swift in Sources */ = {isa = PBXBuildFile; fileRef = 193F873A2AFDA03600B45DE5 /* UnderlinedContainerView.swift */; };
		1942EC392AB50037000F70CC /* PastelPalette.swift in Sources */ = {isa = PBXBuildFile; fileRef = 1942EC382AB50036000F70CC /* PastelPalette.swift */; };
		1942EC402AB8B9D5000F70CC /* DayResult+CoreDataClass.swift in Sources */ = {isa = PBXBuildFile; fileRef = 1942EC3E2AB8B9D5000F70CC /* DayResult+CoreDataClass.swift */; };
		1942EC412AB8B9D5000F70CC /* DayResult+CoreDataProperties.swift in Sources */ = {isa = PBXBuildFile; fileRef = 1942EC3F2AB8B9D5000F70CC /* DayResult+CoreDataProperties.swift */; };
		194AC59D2A40F49900383B29 /* AppDelegate.swift in Sources */ = {isa = PBXBuildFile; fileRef = 194AC59C2A40F49900383B29 /* AppDelegate.swift */; };
		194AC59F2A40F49900383B29 /* SceneDelegate.swift in Sources */ = {isa = PBXBuildFile; fileRef = 194AC59E2A40F49900383B29 /* SceneDelegate.swift */; };
		194AC5A92A40F49B00383B29 /* Assets.xcassets in Resources */ = {isa = PBXBuildFile; fileRef = 194AC5A82A40F49B00383B29 /* Assets.xcassets */; };
		194AC5AC2A40F49B00383B29 /* LaunchScreen.storyboard in Resources */ = {isa = PBXBuildFile; fileRef = 194AC5AA2A40F49B00383B29 /* LaunchScreen.storyboard */; };
		1952B15B2B48C8FD00FE16C7 /* GradientLayerView.swift in Sources */ = {isa = PBXBuildFile; fileRef = 1952B15A2B48C8FD00FE16C7 /* GradientLayerView.swift */; };
		1952B15D2B48C9CF00FE16C7 /* TrackerDayHabitContentConfiguration.swift in Sources */ = {isa = PBXBuildFile; fileRef = 1952B15C2B48C9CF00FE16C7 /* TrackerDayHabitContentConfiguration.swift */; };
		1952B15F2B48CAB600FE16C7 /* TrackerDayHabitContentView.swift in Sources */ = {isa = PBXBuildFile; fileRef = 1952B15E2B48CAB600FE16C7 /* TrackerDayHabitContentView.swift */; };
		1952B1612B48E02B00FE16C7 /* LabelWithInsets.swift in Sources */ = {isa = PBXBuildFile; fileRef = 1952B1602B48E02B00FE16C7 /* LabelWithInsets.swift */; };
		1952B1632B48EFEB00FE16C7 /* WeekProgressView.swift in Sources */ = {isa = PBXBuildFile; fileRef = 1952B1622B48EFEB00FE16C7 /* WeekProgressView.swift */; };
		1960EF8E2A96719C002BD3BA /* UIView+PinnedSubview.swift in Sources */ = {isa = PBXBuildFile; fileRef = 1960EF8D2A96719C002BD3BA /* UIView+PinnedSubview.swift */; };
		196829CA2B3E356200FC8E30 /* UserDefaults.swift in Sources */ = {isa = PBXBuildFile; fileRef = 196829C92B3E356200FC8E30 /* UserDefaults.swift */; };
		196AEECB2B2E72F200F85BB2 /* StructureListItem.swift in Sources */ = {isa = PBXBuildFile; fileRef = 196AEECA2B2E72F200F85BB2 /* StructureListItem.swift */; };
		19801E482A411D300050C8C9 /* Habit+CoreDataClass.swift in Sources */ = {isa = PBXBuildFile; fileRef = 19801E442A411D300050C8C9 /* Habit+CoreDataClass.swift */; };
		19801E492A411D300050C8C9 /* Habit+CoreDataProperties.swift in Sources */ = {isa = PBXBuildFile; fileRef = 19801E452A411D300050C8C9 /* Habit+CoreDataProperties.swift */; };
		19801E562A45F6410050C8C9 /* Category+CoreDataClass.swift in Sources */ = {isa = PBXBuildFile; fileRef = 19801E542A45F6410050C8C9 /* Category+CoreDataClass.swift */; };
		19801E572A45F6410050C8C9 /* Category+CoreDataProperties.swift in Sources */ = {isa = PBXBuildFile; fileRef = 19801E552A45F6410050C8C9 /* Category+CoreDataProperties.swift */; };
		19801E592A4798820050C8C9 /* UIColorValueTransformer.swift in Sources */ = {isa = PBXBuildFile; fileRef = 19801E582A4798820050C8C9 /* UIColorValueTransformer.swift */; };
		19813BEF2B151E76003B2B97 /* HabitEditorView.swift in Sources */ = {isa = PBXBuildFile; fileRef = 19813BEE2B151E76003B2B97 /* HabitEditorView.swift */; };
		199098722B23B44200C7C253 /* HabitDetailsRowView.swift in Sources */ = {isa = PBXBuildFile; fileRef = 199098712B23B44200C7C253 /* HabitDetailsRowView.swift */; };
		1994EEE02B222E4C00651674 /* StructureView.swift in Sources */ = {isa = PBXBuildFile; fileRef = 1994EEDF2B222E4C00651674 /* StructureView.swift */; };
		1994EEE22B222FAA00651674 /* StructureHabitsView.swift in Sources */ = {isa = PBXBuildFile; fileRef = 1994EEE12B222FAA00651674 /* StructureHabitsView.swift */; };
		1994EEE42B2230A800651674 /* StructureGroupedHabitsView.swift in Sources */ = {isa = PBXBuildFile; fileRef = 1994EEE32B2230A800651674 /* StructureGroupedHabitsView.swift */; };
		1994EEE62B2230B900651674 /* StructureCategoriesView.swift in Sources */ = {isa = PBXBuildFile; fileRef = 1994EEE52B2230B900651674 /* StructureCategoriesView.swift */; };
		199B8E5F2B150D1D00DD2DA1 /* WeekGoal+CoreDataClass.swift in Sources */ = {isa = PBXBuildFile; fileRef = 199B8E5B2B150D1D00DD2DA1 /* WeekGoal+CoreDataClass.swift */; };
		199B8E602B150D1D00DD2DA1 /* WeekGoal+CoreDataProperties.swift in Sources */ = {isa = PBXBuildFile; fileRef = 199B8E5C2B150D1D00DD2DA1 /* WeekGoal+CoreDataProperties.swift */; };
		199B8E612B150D1D00DD2DA1 /* DayTarget+CoreDataClass.swift in Sources */ = {isa = PBXBuildFile; fileRef = 199B8E5D2B150D1D00DD2DA1 /* DayTarget+CoreDataClass.swift */; };
		199B8E622B150D1D00DD2DA1 /* DayTarget+CoreDataProperties.swift in Sources */ = {isa = PBXBuildFile; fileRef = 199B8E5E2B150D1D00DD2DA1 /* DayTarget+CoreDataProperties.swift */; };
		19A16CF22AD0CC0200595101 /* DatePickerViewController.swift in Sources */ = {isa = PBXBuildFile; fileRef = 19A16CF12AD0CC0200595101 /* DatePickerViewController.swift */; };
		19A16CF42AD0E30700595101 /* TrackerWeekViewController.swift in Sources */ = {isa = PBXBuildFile; fileRef = 19A16CF32AD0E30700595101 /* TrackerWeekViewController.swift */; };
		19A16CF62AD0EDB500595101 /* TrackerDayViewController.swift in Sources */ = {isa = PBXBuildFile; fileRef = 19A16CF52AD0EDB500595101 /* TrackerDayViewController.swift */; };
		19AB20C62B5442D200B072A0 /* FocusedEditorField.swift in Sources */ = {isa = PBXBuildFile; fileRef = 19AB20C52B5442D200B072A0 /* FocusedEditorField.swift */; };
		19AE5EB62AD77A5100E1860C /* TrackerDayDataProvider.swift in Sources */ = {isa = PBXBuildFile; fileRef = 19AE5EB52AD77A5100E1860C /* TrackerDayDataProvider.swift */; };
		19AF065D2B58A2A900C559C4 /* AppCoordinator.swift in Sources */ = {isa = PBXBuildFile; fileRef = 19AF065C2B58A2A900C559C4 /* AppCoordinator.swift */; };
		19AF06622B5CAA4900C559C4 /* OnboardingCoordinator.swift in Sources */ = {isa = PBXBuildFile; fileRef = 19AF06612B5CAA4900C559C4 /* OnboardingCoordinator.swift */; };
		19AF06642B5CAA7400C559C4 /* SettingsCoordinator.swift in Sources */ = {isa = PBXBuildFile; fileRef = 19AF06632B5CAA7400C559C4 /* SettingsCoordinator.swift */; };
		19AF06662B5CAA8500C559C4 /* StatisticsCoordinator.swift in Sources */ = {isa = PBXBuildFile; fileRef = 19AF06652B5CAA8500C559C4 /* StatisticsCoordinator.swift */; };
		19AF066A2B5CAAE400C559C4 /* StructureCoordinator.swift in Sources */ = {isa = PBXBuildFile; fileRef = 19AF06692B5CAAE400C559C4 /* StructureCoordinator.swift */; };
		19AF066C2B5CAB2300C559C4 /* TrackerCoordinator.swift in Sources */ = {isa = PBXBuildFile; fileRef = 19AF066B2B5CAB2300C559C4 /* TrackerCoordinator.swift */; };
		19AF066F2B5CAB7500C559C4 /* MainCoordinator.swift in Sources */ = {isa = PBXBuildFile; fileRef = 19AF066E2B5CAB7500C559C4 /* MainCoordinator.swift */; };
		19BB9BE42A6F16D000D328BD /* PersistenceController.swift in Sources */ = {isa = PBXBuildFile; fileRef = 19BB9BE32A6F16D000D328BD /* PersistenceController.swift */; };
		19C138B42ABD1E1B00CDA2B1 /* TrackerDayHabitListCell.swift in Sources */ = {isa = PBXBuildFile; fileRef = 19C138B32ABD1E1B00CDA2B1 /* TrackerDayHabitListCell.swift */; };
		19CC938E2B07DD3C0026789C /* Logo.png in Resources */ = {isa = PBXBuildFile; fileRef = 19CC938D2B07DD3C0026789C /* Logo.png */; };
		19E12FBC2B4F2E7500C3F39E /* CalendarExtension.swift in Sources */ = {isa = PBXBuildFile; fileRef = 19E12FBB2B4F2E7500C3F39E /* CalendarExtension.swift */; };
		19E3C6502AD06EA8006D80D9 /* TrackerContainerViewController.swift in Sources */ = {isa = PBXBuildFile; fileRef = 19E3C64F2AD06EA8006D80D9 /* TrackerContainerViewController.swift */; };
		19E8EDB12B4E2679001A5856 /* TrackerDayHabitResultsView.swift in Sources */ = {isa = PBXBuildFile; fileRef = 19E8EDB02B4E2679001A5856 /* TrackerDayHabitResultsView.swift */; };
		19FE5B5E2B2BD5DD00827C82 /* StructureHabitDetailView.swift in Sources */ = {isa = PBXBuildFile; fileRef = 19FE5B5D2B2BD5DD00827C82 /* StructureHabitDetailView.swift */; };
		19FE5B602B2BD75500827C82 /* StructureCategoryDetailView.swift in Sources */ = {isa = PBXBuildFile; fileRef = 19FE5B5F2B2BD75500827C82 /* StructureCategoryDetailView.swift */; };
/* End PBXBuildFile section */

/* Begin PBXFileReference section */
		19020CFF2A7D98CF00616BBE /* Trabits.xcdatamodel */ = {isa = PBXFileReference; lastKnownFileType = wrapper.xcdatamodel; path = Trabits.xcdatamodel; sourceTree = "<group>"; };
		19020D022A7DBC8B00616BBE /* EmptyStateView.swift */ = {isa = PBXFileReference; lastKnownFileType = sourcecode.swift; path = EmptyStateView.swift; sourceTree = "<group>"; };
		190ACB9F2B1A86220081A7CD /* CategoryPickerView.swift */ = {isa = PBXFileReference; lastKnownFileType = sourcecode.swift; path = CategoryPickerView.swift; sourceTree = "<group>"; };
		19186D4F2B1D41AD00618E70 /* TitleSelectorView.swift */ = {isa = PBXFileReference; lastKnownFileType = sourcecode.swift; path = TitleSelectorView.swift; sourceTree = "<group>"; };
		19186D512B1D41B500618E70 /* DayTargetSelectorView.swift */ = {isa = PBXFileReference; lastKnownFileType = sourcecode.swift; path = DayTargetSelectorView.swift; sourceTree = "<group>"; };
		19186D532B1D41BC00618E70 /* WeekGoalSelectorView.swift */ = {isa = PBXFileReference; lastKnownFileType = sourcecode.swift; path = WeekGoalSelectorView.swift; sourceTree = "<group>"; };
		19186D552B1D41C500618E70 /* ColorSelectorView.swift */ = {isa = PBXFileReference; lastKnownFileType = sourcecode.swift; path = ColorSelectorView.swift; sourceTree = "<group>"; };
		19186D572B1D41CE00618E70 /* CategorySelectorView.swift */ = {isa = PBXFileReference; lastKnownFileType = sourcecode.swift; path = CategorySelectorView.swift; sourceTree = "<group>"; };
		19186D5A2B1E2D2D00618E70 /* CategoryEditorView.swift */ = {isa = PBXFileReference; lastKnownFileType = sourcecode.swift; path = CategoryEditorView.swift; sourceTree = "<group>"; };
		193BBD172AC5CE8F00A2F0BD /* TrackerDataProvider.swift */ = {isa = PBXFileReference; lastKnownFileType = sourcecode.swift; path = TrackerDataProvider.swift; sourceTree = "<group>"; };
		193BBD192AC6029D00A2F0BD /* TrackerWeekDayCell.swift */ = {isa = PBXFileReference; lastKnownFileType = sourcecode.swift; path = TrackerWeekDayCell.swift; sourceTree = "<group>"; };
		193F873A2AFDA03600B45DE5 /* UnderlinedContainerView.swift */ = {isa = PBXFileReference; lastKnownFileType = sourcecode.swift; path = UnderlinedContainerView.swift; sourceTree = "<group>"; };
		1942EC382AB50036000F70CC /* PastelPalette.swift */ = {isa = PBXFileReference; lastKnownFileType = sourcecode.swift; path = PastelPalette.swift; sourceTree = "<group>"; };
		1942EC3E2AB8B9D5000F70CC /* DayResult+CoreDataClass.swift */ = {isa = PBXFileReference; lastKnownFileType = sourcecode.swift; path = "DayResult+CoreDataClass.swift"; sourceTree = "<group>"; };
		1942EC3F2AB8B9D5000F70CC /* DayResult+CoreDataProperties.swift */ = {isa = PBXFileReference; lastKnownFileType = sourcecode.swift; path = "DayResult+CoreDataProperties.swift"; sourceTree = "<group>"; };
		194AC5992A40F49900383B29 /* Trabits.app */ = {isa = PBXFileReference; explicitFileType = wrapper.application; includeInIndex = 0; path = Trabits.app; sourceTree = BUILT_PRODUCTS_DIR; };
		194AC59C2A40F49900383B29 /* AppDelegate.swift */ = {isa = PBXFileReference; lastKnownFileType = sourcecode.swift; path = AppDelegate.swift; sourceTree = "<group>"; };
		194AC59E2A40F49900383B29 /* SceneDelegate.swift */ = {isa = PBXFileReference; lastKnownFileType = sourcecode.swift; path = SceneDelegate.swift; sourceTree = "<group>"; };
		194AC5A82A40F49B00383B29 /* Assets.xcassets */ = {isa = PBXFileReference; lastKnownFileType = folder.assetcatalog; path = Assets.xcassets; sourceTree = "<group>"; };
		194AC5AB2A40F49B00383B29 /* Base */ = {isa = PBXFileReference; lastKnownFileType = file.storyboard; name = Base; path = Base.lproj/LaunchScreen.storyboard; sourceTree = "<group>"; };
		194AC5AD2A40F49B00383B29 /* Info.plist */ = {isa = PBXFileReference; lastKnownFileType = text.plist.xml; path = Info.plist; sourceTree = "<group>"; };
		1952B15A2B48C8FD00FE16C7 /* GradientLayerView.swift */ = {isa = PBXFileReference; lastKnownFileType = sourcecode.swift; path = GradientLayerView.swift; sourceTree = "<group>"; };
		1952B15C2B48C9CF00FE16C7 /* TrackerDayHabitContentConfiguration.swift */ = {isa = PBXFileReference; lastKnownFileType = sourcecode.swift; path = TrackerDayHabitContentConfiguration.swift; sourceTree = "<group>"; };
		1952B15E2B48CAB600FE16C7 /* TrackerDayHabitContentView.swift */ = {isa = PBXFileReference; lastKnownFileType = sourcecode.swift; path = TrackerDayHabitContentView.swift; sourceTree = "<group>"; };
		1952B1602B48E02B00FE16C7 /* LabelWithInsets.swift */ = {isa = PBXFileReference; lastKnownFileType = sourcecode.swift; path = LabelWithInsets.swift; sourceTree = "<group>"; };
		1952B1622B48EFEB00FE16C7 /* WeekProgressView.swift */ = {isa = PBXFileReference; lastKnownFileType = sourcecode.swift; path = WeekProgressView.swift; sourceTree = "<group>"; };
		1960EF8D2A96719C002BD3BA /* UIView+PinnedSubview.swift */ = {isa = PBXFileReference; lastKnownFileType = sourcecode.swift; path = "UIView+PinnedSubview.swift"; sourceTree = "<group>"; };
		196829C82B3DF1B900FC8E30 /* PrivacyInfo.xcprivacy */ = {isa = PBXFileReference; lastKnownFileType = text.xml; path = PrivacyInfo.xcprivacy; sourceTree = "<group>"; };
		196829C92B3E356200FC8E30 /* UserDefaults.swift */ = {isa = PBXFileReference; lastKnownFileType = sourcecode.swift; path = UserDefaults.swift; sourceTree = "<group>"; };
		196AEECA2B2E72F200F85BB2 /* StructureListItem.swift */ = {isa = PBXFileReference; lastKnownFileType = sourcecode.swift; path = StructureListItem.swift; sourceTree = "<group>"; };
		19801E442A411D300050C8C9 /* Habit+CoreDataClass.swift */ = {isa = PBXFileReference; lastKnownFileType = sourcecode.swift; path = "Habit+CoreDataClass.swift"; sourceTree = "<group>"; };
		19801E452A411D300050C8C9 /* Habit+CoreDataProperties.swift */ = {isa = PBXFileReference; lastKnownFileType = sourcecode.swift; path = "Habit+CoreDataProperties.swift"; sourceTree = "<group>"; };
		19801E542A45F6410050C8C9 /* Category+CoreDataClass.swift */ = {isa = PBXFileReference; lastKnownFileType = sourcecode.swift; path = "Category+CoreDataClass.swift"; sourceTree = "<group>"; };
		19801E552A45F6410050C8C9 /* Category+CoreDataProperties.swift */ = {isa = PBXFileReference; lastKnownFileType = sourcecode.swift; path = "Category+CoreDataProperties.swift"; sourceTree = "<group>"; };
		19801E582A4798820050C8C9 /* UIColorValueTransformer.swift */ = {isa = PBXFileReference; lastKnownFileType = sourcecode.swift; path = UIColorValueTransformer.swift; sourceTree = "<group>"; };
		19813BEE2B151E76003B2B97 /* HabitEditorView.swift */ = {isa = PBXFileReference; lastKnownFileType = sourcecode.swift; path = HabitEditorView.swift; sourceTree = "<group>"; };
		199098712B23B44200C7C253 /* HabitDetailsRowView.swift */ = {isa = PBXFileReference; lastKnownFileType = sourcecode.swift; path = HabitDetailsRowView.swift; sourceTree = "<group>"; };
		1994EEDF2B222E4C00651674 /* StructureView.swift */ = {isa = PBXFileReference; lastKnownFileType = sourcecode.swift; path = StructureView.swift; sourceTree = "<group>"; };
		1994EEE12B222FAA00651674 /* StructureHabitsView.swift */ = {isa = PBXFileReference; lastKnownFileType = sourcecode.swift; path = StructureHabitsView.swift; sourceTree = "<group>"; };
		1994EEE32B2230A800651674 /* StructureGroupedHabitsView.swift */ = {isa = PBXFileReference; lastKnownFileType = sourcecode.swift; path = StructureGroupedHabitsView.swift; sourceTree = "<group>"; };
		1994EEE52B2230B900651674 /* StructureCategoriesView.swift */ = {isa = PBXFileReference; lastKnownFileType = sourcecode.swift; path = StructureCategoriesView.swift; sourceTree = "<group>"; };
		199B8E5B2B150D1D00DD2DA1 /* WeekGoal+CoreDataClass.swift */ = {isa = PBXFileReference; lastKnownFileType = sourcecode.swift; path = "WeekGoal+CoreDataClass.swift"; sourceTree = "<group>"; };
		199B8E5C2B150D1D00DD2DA1 /* WeekGoal+CoreDataProperties.swift */ = {isa = PBXFileReference; lastKnownFileType = sourcecode.swift; path = "WeekGoal+CoreDataProperties.swift"; sourceTree = "<group>"; };
		199B8E5D2B150D1D00DD2DA1 /* DayTarget+CoreDataClass.swift */ = {isa = PBXFileReference; lastKnownFileType = sourcecode.swift; path = "DayTarget+CoreDataClass.swift"; sourceTree = "<group>"; };
		199B8E5E2B150D1D00DD2DA1 /* DayTarget+CoreDataProperties.swift */ = {isa = PBXFileReference; lastKnownFileType = sourcecode.swift; path = "DayTarget+CoreDataProperties.swift"; sourceTree = "<group>"; };
		19A16CF12AD0CC0200595101 /* DatePickerViewController.swift */ = {isa = PBXFileReference; lastKnownFileType = sourcecode.swift; path = DatePickerViewController.swift; sourceTree = "<group>"; };
		19A16CF32AD0E30700595101 /* TrackerWeekViewController.swift */ = {isa = PBXFileReference; lastKnownFileType = sourcecode.swift; path = TrackerWeekViewController.swift; sourceTree = "<group>"; };
		19A16CF52AD0EDB500595101 /* TrackerDayViewController.swift */ = {isa = PBXFileReference; lastKnownFileType = sourcecode.swift; path = TrackerDayViewController.swift; sourceTree = "<group>"; };
		19AB20C52B5442D200B072A0 /* FocusedEditorField.swift */ = {isa = PBXFileReference; lastKnownFileType = sourcecode.swift; path = FocusedEditorField.swift; sourceTree = "<group>"; };
		19AE5EB52AD77A5100E1860C /* TrackerDayDataProvider.swift */ = {isa = PBXFileReference; lastKnownFileType = sourcecode.swift; path = TrackerDayDataProvider.swift; sourceTree = "<group>"; };
		19AF065C2B58A2A900C559C4 /* AppCoordinator.swift */ = {isa = PBXFileReference; lastKnownFileType = sourcecode.swift; path = AppCoordinator.swift; sourceTree = "<group>"; };
		19AF06612B5CAA4900C559C4 /* OnboardingCoordinator.swift */ = {isa = PBXFileReference; lastKnownFileType = sourcecode.swift; path = OnboardingCoordinator.swift; sourceTree = "<group>"; };
		19AF06632B5CAA7400C559C4 /* SettingsCoordinator.swift */ = {isa = PBXFileReference; lastKnownFileType = sourcecode.swift; path = SettingsCoordinator.swift; sourceTree = "<group>"; };
		19AF06652B5CAA8500C559C4 /* StatisticsCoordinator.swift */ = {isa = PBXFileReference; lastKnownFileType = sourcecode.swift; path = StatisticsCoordinator.swift; sourceTree = "<group>"; };
		19AF06692B5CAAE400C559C4 /* StructureCoordinator.swift */ = {isa = PBXFileReference; lastKnownFileType = sourcecode.swift; path = StructureCoordinator.swift; sourceTree = "<group>"; };
		19AF066B2B5CAB2300C559C4 /* TrackerCoordinator.swift */ = {isa = PBXFileReference; lastKnownFileType = sourcecode.swift; path = TrackerCoordinator.swift; sourceTree = "<group>"; };
		19AF066E2B5CAB7500C559C4 /* MainCoordinator.swift */ = {isa = PBXFileReference; lastKnownFileType = sourcecode.swift; path = MainCoordinator.swift; sourceTree = "<group>"; };
		19BB9BE32A6F16D000D328BD /* PersistenceController.swift */ = {isa = PBXFileReference; lastKnownFileType = sourcecode.swift; path = PersistenceController.swift; sourceTree = "<group>"; };
		19C138B32ABD1E1B00CDA2B1 /* TrackerDayHabitListCell.swift */ = {isa = PBXFileReference; lastKnownFileType = sourcecode.swift; path = TrackerDayHabitListCell.swift; sourceTree = "<group>"; };
		19CC938D2B07DD3C0026789C /* Logo.png */ = {isa = PBXFileReference; lastKnownFileType = image.png; path = Logo.png; sourceTree = "<group>"; };
		19E12FBB2B4F2E7500C3F39E /* CalendarExtension.swift */ = {isa = PBXFileReference; lastKnownFileType = sourcecode.swift; path = CalendarExtension.swift; sourceTree = "<group>"; };
		19E3C64F2AD06EA8006D80D9 /* TrackerContainerViewController.swift */ = {isa = PBXFileReference; lastKnownFileType = sourcecode.swift; path = TrackerContainerViewController.swift; sourceTree = "<group>"; };
		19E8EDB02B4E2679001A5856 /* TrackerDayHabitResultsView.swift */ = {isa = PBXFileReference; lastKnownFileType = sourcecode.swift; path = TrackerDayHabitResultsView.swift; sourceTree = "<group>"; };
		19FE5B5D2B2BD5DD00827C82 /* StructureHabitDetailView.swift */ = {isa = PBXFileReference; lastKnownFileType = sourcecode.swift; path = StructureHabitDetailView.swift; sourceTree = "<group>"; };
		19FE5B5F2B2BD75500827C82 /* StructureCategoryDetailView.swift */ = {isa = PBXFileReference; lastKnownFileType = sourcecode.swift; path = StructureCategoryDetailView.swift; sourceTree = "<group>"; };
/* End PBXFileReference section */

/* Begin PBXFrameworksBuildPhase section */
		194AC5962A40F49900383B29 /* Frameworks */ = {
			isa = PBXFrameworksBuildPhase;
			buildActionMask = 2147483647;
			files = (
			);
			runOnlyForDeploymentPostprocessing = 0;
		};
/* End PBXFrameworksBuildPhase section */

/* Begin PBXGroup section */
		19020D012A7DBC6B00616BBE /* Views */ = {
			isa = PBXGroup;
			children = (
				19020D022A7DBC8B00616BBE /* EmptyStateView.swift */,
				1960EF8D2A96719C002BD3BA /* UIView+PinnedSubview.swift */,
				193F873A2AFDA03600B45DE5 /* UnderlinedContainerView.swift */,
			);
			path = Views;
			sourceTree = "<group>";
		};
		19186D592B1E2B6200618E70 /* EditorSelectorViews */ = {
			isa = PBXGroup;
			children = (
				19AB20C52B5442D200B072A0 /* FocusedEditorField.swift */,
				19186D4F2B1D41AD00618E70 /* TitleSelectorView.swift */,
				19186D512B1D41B500618E70 /* DayTargetSelectorView.swift */,
				19186D532B1D41BC00618E70 /* WeekGoalSelectorView.swift */,
				19186D552B1D41C500618E70 /* ColorSelectorView.swift */,
				19186D572B1D41CE00618E70 /* CategorySelectorView.swift */,
			);
			path = EditorSelectorViews;
			sourceTree = "<group>";
		};
		192A29ED2AF1DC90005334A5 /* TrackerWeek */ = {
			isa = PBXGroup;
			children = (
				19A16CF32AD0E30700595101 /* TrackerWeekViewController.swift */,
				193BBD192AC6029D00A2F0BD /* TrackerWeekDayCell.swift */,
			);
			path = TrackerWeek;
			sourceTree = "<group>";
		};
		193BBD132AC5CDF600A2F0BD /* Tracker */ = {
			isa = PBXGroup;
			children = (
				192A29ED2AF1DC90005334A5 /* TrackerWeek */,
				193BBD142AC5CE0A00A2F0BD /* TrackerDay */,
				19AF066B2B5CAB2300C559C4 /* TrackerCoordinator.swift */,
				19E3C64F2AD06EA8006D80D9 /* TrackerContainerViewController.swift */,
				193BBD172AC5CE8F00A2F0BD /* TrackerDataProvider.swift */,
				19A16CF12AD0CC0200595101 /* DatePickerViewController.swift */,
			);
			path = Tracker;
			sourceTree = "<group>";
		};
		193BBD142AC5CE0A00A2F0BD /* TrackerDay */ = {
			isa = PBXGroup;
			children = (
				1952B1592B48C8D900FE16C7 /* TrackerDayHabit */,
				19A16CF52AD0EDB500595101 /* TrackerDayViewController.swift */,
				19AE5EB52AD77A5100E1860C /* TrackerDayDataProvider.swift */,
			);
			path = TrackerDay;
			sourceTree = "<group>";
		};
		194AC5902A40F49900383B29 = {
			isa = PBXGroup;
			children = (
				194AC59B2A40F49900383B29 /* Trabits */,
				194AC59A2A40F49900383B29 /* Products */,
			);
			sourceTree = "<group>";
		};
		194AC59A2A40F49900383B29 /* Products */ = {
			isa = PBXGroup;
			children = (
				194AC5992A40F49900383B29 /* Trabits.app */,
			);
			name = Products;
			sourceTree = "<group>";
		};
		194AC59B2A40F49900383B29 /* Trabits */ = {
			isa = PBXGroup;
			children = (
				19BB9BE52A6F284600D328BD /* App */,
				19AF06592B557FB400C559C4 /* Common */,
				19AF06702B5CAC8200C559C4 /* UserFlow */,
				19BB9BE12A6F168900D328BD /* CoreData */,
				19BB9BE62A6F285600D328BD /* Assets */,
				196829C82B3DF1B900FC8E30 /* PrivacyInfo.xcprivacy */,
			);
			path = Trabits;
			sourceTree = "<group>";
		};
		1952B1592B48C8D900FE16C7 /* TrackerDayHabit */ = {
			isa = PBXGroup;
			children = (
				1952B15E2B48CAB600FE16C7 /* TrackerDayHabitContentView.swift */,
				1952B15C2B48C9CF00FE16C7 /* TrackerDayHabitContentConfiguration.swift */,
				19C138B32ABD1E1B00CDA2B1 /* TrackerDayHabitListCell.swift */,
				19E8EDB02B4E2679001A5856 /* TrackerDayHabitResultsView.swift */,
				1952B15A2B48C8FD00FE16C7 /* GradientLayerView.swift */,
				1952B1602B48E02B00FE16C7 /* LabelWithInsets.swift */,
				1952B1622B48EFEB00FE16C7 /* WeekProgressView.swift */,
			);
			path = TrackerDayHabit;
			sourceTree = "<group>";
		};
		19AF06592B557FB400C559C4 /* Common */ = {
			isa = PBXGroup;
			children = (
				19020D012A7DBC6B00616BBE /* Views */,
				19E12FBB2B4F2E7500C3F39E /* CalendarExtension.swift */,
				1942EC382AB50036000F70CC /* PastelPalette.swift */,
				19AF066E2B5CAB7500C559C4 /* MainCoordinator.swift */,
			);
			path = Common;
			sourceTree = "<group>";
		};
		19AF06602B5B523E00C559C4 /* HabitAndCategoryEditors */ = {
			isa = PBXGroup;
			children = (
				19813BEE2B151E76003B2B97 /* HabitEditorView.swift */,
				19186D5A2B1E2D2D00618E70 /* CategoryEditorView.swift */,
				190ACB9F2B1A86220081A7CD /* CategoryPickerView.swift */,
				19186D592B1E2B6200618E70 /* EditorSelectorViews */,
			);
			path = HabitAndCategoryEditors;
			sourceTree = "<group>";
		};
		19AF06672B5CAAA700C559C4 /* Statistics */ = {
			isa = PBXGroup;
			children = (
				19AF06652B5CAA8500C559C4 /* StatisticsCoordinator.swift */,
			);
			path = Statistics;
			sourceTree = "<group>";
		};
		19AF06682B5CAACA00C559C4 /* Settings */ = {
			isa = PBXGroup;
			children = (
				19AF06632B5CAA7400C559C4 /* SettingsCoordinator.swift */,
			);
			path = Settings;
			sourceTree = "<group>";
		};
		19AF066D2B5CAB6000C559C4 /* Onboarding */ = {
			isa = PBXGroup;
			children = (
				19AF06612B5CAA4900C559C4 /* OnboardingCoordinator.swift */,
			);
			path = Onboarding;
			sourceTree = "<group>";
		};
		19AF06702B5CAC8200C559C4 /* UserFlow */ = {
			isa = PBXGroup;
			children = (
				193BBD132AC5CDF600A2F0BD /* Tracker */,
				19AF06672B5CAAA700C559C4 /* Statistics */,
				19FE5B5C2B2B852300827C82 /* Structure */,
				19AF06602B5B523E00C559C4 /* HabitAndCategoryEditors */,
				19AF06682B5CAACA00C559C4 /* Settings */,
				19AF066D2B5CAB6000C559C4 /* Onboarding */,
			);
			path = UserFlow;
			sourceTree = "<group>";
		};
		19BB9BE12A6F168900D328BD /* CoreData */ = {
			isa = PBXGroup;
			children = (
				19BB9BE22A6F16B200D328BD /* Models */,
				19801E582A4798820050C8C9 /* UIColorValueTransformer.swift */,
				19BB9BE32A6F16D000D328BD /* PersistenceController.swift */,
				19020CFE2A7D98CF00616BBE /* Trabits.xcdatamodeld */,
			);
			path = CoreData;
			sourceTree = "<group>";
		};
		19BB9BE22A6F16B200D328BD /* Models */ = {
			isa = PBXGroup;
			children = (
				199B8E5B2B150D1D00DD2DA1 /* WeekGoal+CoreDataClass.swift */,
				199B8E5C2B150D1D00DD2DA1 /* WeekGoal+CoreDataProperties.swift */,
				199B8E5D2B150D1D00DD2DA1 /* DayTarget+CoreDataClass.swift */,
				199B8E5E2B150D1D00DD2DA1 /* DayTarget+CoreDataProperties.swift */,
				1942EC3E2AB8B9D5000F70CC /* DayResult+CoreDataClass.swift */,
				1942EC3F2AB8B9D5000F70CC /* DayResult+CoreDataProperties.swift */,
				19801E442A411D300050C8C9 /* Habit+CoreDataClass.swift */,
				19801E452A411D300050C8C9 /* Habit+CoreDataProperties.swift */,
				19801E542A45F6410050C8C9 /* Category+CoreDataClass.swift */,
				19801E552A45F6410050C8C9 /* Category+CoreDataProperties.swift */,
			);
			path = Models;
			sourceTree = "<group>";
		};
		19BB9BE52A6F284600D328BD /* App */ = {
			isa = PBXGroup;
			children = (
				194AC59C2A40F49900383B29 /* AppDelegate.swift */,
				194AC59E2A40F49900383B29 /* SceneDelegate.swift */,
				19AF065C2B58A2A900C559C4 /* AppCoordinator.swift */,
				196829C92B3E356200FC8E30 /* UserDefaults.swift */,
				194AC5AD2A40F49B00383B29 /* Info.plist */,
			);
			path = App;
			sourceTree = "<group>";
		};
		19BB9BE62A6F285600D328BD /* Assets */ = {
			isa = PBXGroup;
			children = (
				194AC5AA2A40F49B00383B29 /* LaunchScreen.storyboard */,
				19CC938D2B07DD3C0026789C /* Logo.png */,
				194AC5A82A40F49B00383B29 /* Assets.xcassets */,
			);
			path = Assets;
			sourceTree = "<group>";
		};
		19FE5B5C2B2B852300827C82 /* Structure */ = {
			isa = PBXGroup;
			children = (
				19AF06692B5CAAE400C559C4 /* StructureCoordinator.swift */,
				1994EEDF2B222E4C00651674 /* StructureView.swift */,
				1994EEE12B222FAA00651674 /* StructureHabitsView.swift */,
				1994EEE32B2230A800651674 /* StructureGroupedHabitsView.swift */,
				1994EEE52B2230B900651674 /* StructureCategoriesView.swift */,
				19FE5B5D2B2BD5DD00827C82 /* StructureHabitDetailView.swift */,
				19FE5B5F2B2BD75500827C82 /* StructureCategoryDetailView.swift */,
				196AEECA2B2E72F200F85BB2 /* StructureListItem.swift */,
				199098712B23B44200C7C253 /* HabitDetailsRowView.swift */,
			);
			path = Structure;
			sourceTree = "<group>";
		};
/* End PBXGroup section */

/* Begin PBXNativeTarget section */
		194AC5982A40F49900383B29 /* Trabits */ = {
			isa = PBXNativeTarget;
			buildConfigurationList = 194AC5B02A40F49B00383B29 /* Build configuration list for PBXNativeTarget "Trabits" */;
			buildPhases = (
				194AC5952A40F49900383B29 /* Sources */,
				194AC5962A40F49900383B29 /* Frameworks */,
				194AC5972A40F49900383B29 /* Resources */,
			);
			buildRules = (
			);
			dependencies = (
			);
			name = Trabits;
			productName = Trabits;
			productReference = 194AC5992A40F49900383B29 /* Trabits.app */;
			productType = "com.apple.product-type.application";
		};
/* End PBXNativeTarget section */

/* Begin PBXProject section */
		194AC5912A40F49900383B29 /* Project object */ = {
			isa = PBXProject;
			attributes = {
				BuildIndependentTargetsInParallel = 1;
				LastSwiftUpdateCheck = 1430;
				LastUpgradeCheck = 1500;
				TargetAttributes = {
					194AC5982A40F49900383B29 = {
						CreatedOnToolsVersion = 14.3.1;
					};
				};
			};
			buildConfigurationList = 194AC5942A40F49900383B29 /* Build configuration list for PBXProject "Trabits" */;
			compatibilityVersion = "Xcode 14.0";
			developmentRegion = en;
			hasScannedForEncodings = 0;
			knownRegions = (
				en,
				Base,
			);
			mainGroup = 194AC5902A40F49900383B29;
			productRefGroup = 194AC59A2A40F49900383B29 /* Products */;
			projectDirPath = "";
			projectRoot = "";
			targets = (
				194AC5982A40F49900383B29 /* Trabits */,
			);
		};
/* End PBXProject section */

/* Begin PBXResourcesBuildPhase section */
		194AC5972A40F49900383B29 /* Resources */ = {
			isa = PBXResourcesBuildPhase;
			buildActionMask = 2147483647;
			files = (
				19CC938E2B07DD3C0026789C /* Logo.png in Resources */,
				194AC5AC2A40F49B00383B29 /* LaunchScreen.storyboard in Resources */,
				194AC5A92A40F49B00383B29 /* Assets.xcassets in Resources */,
			);
			runOnlyForDeploymentPostprocessing = 0;
		};
/* End PBXResourcesBuildPhase section */

/* Begin PBXSourcesBuildPhase section */
		194AC5952A40F49900383B29 /* Sources */ = {
			isa = PBXSourcesBuildPhase;
			buildActionMask = 2147483647;
			files = (
				19AF06622B5CAA4900C559C4 /* OnboardingCoordinator.swift in Sources */,
				1942EC392AB50037000F70CC /* PastelPalette.swift in Sources */,
				19186D542B1D41BC00618E70 /* WeekGoalSelectorView.swift in Sources */,
				196AEECB2B2E72F200F85BB2 /* StructureListItem.swift in Sources */,
				19186D502B1D41AD00618E70 /* TitleSelectorView.swift in Sources */,
				1952B15D2B48C9CF00FE16C7 /* TrackerDayHabitContentConfiguration.swift in Sources */,
				1942EC412AB8B9D5000F70CC /* DayResult+CoreDataProperties.swift in Sources */,
				199B8E622B150D1D00DD2DA1 /* DayTarget+CoreDataProperties.swift in Sources */,
				19020D032A7DBC8B00616BBE /* EmptyStateView.swift in Sources */,
				19AF06642B5CAA7400C559C4 /* SettingsCoordinator.swift in Sources */,
				19AF065D2B58A2A900C559C4 /* AppCoordinator.swift in Sources */,
				1994EEE62B2230B900651674 /* StructureCategoriesView.swift in Sources */,
				1952B15B2B48C8FD00FE16C7 /* GradientLayerView.swift in Sources */,
				19186D582B1D41CE00618E70 /* CategorySelectorView.swift in Sources */,
				19AF06662B5CAA8500C559C4 /* StatisticsCoordinator.swift in Sources */,
				1994EEE02B222E4C00651674 /* StructureView.swift in Sources */,
				199098722B23B44200C7C253 /* HabitDetailsRowView.swift in Sources */,
				19A16CF22AD0CC0200595101 /* DatePickerViewController.swift in Sources */,
				19AE5EB62AD77A5100E1860C /* TrackerDayDataProvider.swift in Sources */,
				199B8E5F2B150D1D00DD2DA1 /* WeekGoal+CoreDataClass.swift in Sources */,
				1994EEE22B222FAA00651674 /* StructureHabitsView.swift in Sources */,
				19A16CF62AD0EDB500595101 /* TrackerDayViewController.swift in Sources */,
				19FE5B5E2B2BD5DD00827C82 /* StructureHabitDetailView.swift in Sources */,
				193BBD1A2AC6029D00A2F0BD /* TrackerWeekDayCell.swift in Sources */,
				194AC59D2A40F49900383B29 /* AppDelegate.swift in Sources */,
				19BB9BE42A6F16D000D328BD /* PersistenceController.swift in Sources */,
				19FE5B602B2BD75500827C82 /* StructureCategoryDetailView.swift in Sources */,
				19186D522B1D41B500618E70 /* DayTargetSelectorView.swift in Sources */,
				1952B1632B48EFEB00FE16C7 /* WeekProgressView.swift in Sources */,
				19C138B42ABD1E1B00CDA2B1 /* TrackerDayHabitListCell.swift in Sources */,
				19E8EDB12B4E2679001A5856 /* TrackerDayHabitResultsView.swift in Sources */,
				194AC59F2A40F49900383B29 /* SceneDelegate.swift in Sources */,
				19801E492A411D300050C8C9 /* Habit+CoreDataProperties.swift in Sources */,
				19AF066A2B5CAAE400C559C4 /* StructureCoordinator.swift in Sources */,
				19E3C6502AD06EA8006D80D9 /* TrackerContainerViewController.swift in Sources */,
				1942EC402AB8B9D5000F70CC /* DayResult+CoreDataClass.swift in Sources */,
				19813BEF2B151E76003B2B97 /* HabitEditorView.swift in Sources */,
				19E12FBC2B4F2E7500C3F39E /* CalendarExtension.swift in Sources */,
				1952B1612B48E02B00FE16C7 /* LabelWithInsets.swift in Sources */,
				1960EF8E2A96719C002BD3BA /* UIView+PinnedSubview.swift in Sources */,
				19186D562B1D41C500618E70 /* ColorSelectorView.swift in Sources */,
				19801E592A4798820050C8C9 /* UIColorValueTransformer.swift in Sources */,
				19186D5B2B1E2D2D00618E70 /* CategoryEditorView.swift in Sources */,
				199B8E602B150D1D00DD2DA1 /* WeekGoal+CoreDataProperties.swift in Sources */,
				193BBD182AC5CE8F00A2F0BD /* TrackerDataProvider.swift in Sources */,
				19801E482A411D300050C8C9 /* Habit+CoreDataClass.swift in Sources */,
				1952B15F2B48CAB600FE16C7 /* TrackerDayHabitContentView.swift in Sources */,
				19AF066F2B5CAB7500C559C4 /* MainCoordinator.swift in Sources */,
				19A16CF42AD0E30700595101 /* TrackerWeekViewController.swift in Sources */,
				19020D002A7D98CF00616BBE /* Trabits.xcdatamodeld in Sources */,
				193F873B2AFDA03600B45DE5 /* UnderlinedContainerView.swift in Sources */,
				19801E572A45F6410050C8C9 /* Category+CoreDataProperties.swift in Sources */,
				19801E562A45F6410050C8C9 /* Category+CoreDataClass.swift in Sources */,
				196829CA2B3E356200FC8E30 /* UserDefaults.swift in Sources */,
				19AF066C2B5CAB2300C559C4 /* TrackerCoordinator.swift in Sources */,
				199B8E612B150D1D00DD2DA1 /* DayTarget+CoreDataClass.swift in Sources */,
				19AB20C62B5442D200B072A0 /* FocusedEditorField.swift in Sources */,
				1994EEE42B2230A800651674 /* StructureGroupedHabitsView.swift in Sources */,
				190ACBA02B1A86220081A7CD /* CategoryPickerView.swift in Sources */,
			);
			runOnlyForDeploymentPostprocessing = 0;
		};
/* End PBXSourcesBuildPhase section */

/* Begin PBXVariantGroup section */
		194AC5AA2A40F49B00383B29 /* LaunchScreen.storyboard */ = {
			isa = PBXVariantGroup;
			children = (
				194AC5AB2A40F49B00383B29 /* Base */,
			);
			name = LaunchScreen.storyboard;
			sourceTree = "<group>";
		};
/* End PBXVariantGroup section */

/* Begin XCBuildConfiguration section */
		194AC5AE2A40F49B00383B29 /* Debug */ = {
			isa = XCBuildConfiguration;
			buildSettings = {
				ALWAYS_SEARCH_USER_PATHS = NO;
				ASSETCATALOG_COMPILER_GENERATE_SWIFT_ASSET_SYMBOL_EXTENSIONS = YES;
				CLANG_ANALYZER_NONNULL = YES;
				CLANG_ANALYZER_NUMBER_OBJECT_CONVERSION = YES_AGGRESSIVE;
				CLANG_CXX_LANGUAGE_STANDARD = "gnu++20";
				CLANG_ENABLE_MODULES = YES;
				CLANG_ENABLE_OBJC_ARC = YES;
				CLANG_ENABLE_OBJC_WEAK = YES;
				CLANG_WARN_BLOCK_CAPTURE_AUTORELEASING = YES;
				CLANG_WARN_BOOL_CONVERSION = YES;
				CLANG_WARN_COMMA = YES;
				CLANG_WARN_CONSTANT_CONVERSION = YES;
				CLANG_WARN_DEPRECATED_OBJC_IMPLEMENTATIONS = YES;
				CLANG_WARN_DIRECT_OBJC_ISA_USAGE = YES_ERROR;
				CLANG_WARN_DOCUMENTATION_COMMENTS = YES;
				CLANG_WARN_EMPTY_BODY = YES;
				CLANG_WARN_ENUM_CONVERSION = YES;
				CLANG_WARN_INFINITE_RECURSION = YES;
				CLANG_WARN_INT_CONVERSION = YES;
				CLANG_WARN_NON_LITERAL_NULL_CONVERSION = YES;
				CLANG_WARN_OBJC_IMPLICIT_RETAIN_SELF = YES;
				CLANG_WARN_OBJC_LITERAL_CONVERSION = YES;
				CLANG_WARN_OBJC_ROOT_CLASS = YES_ERROR;
				CLANG_WARN_QUOTED_INCLUDE_IN_FRAMEWORK_HEADER = YES;
				CLANG_WARN_RANGE_LOOP_ANALYSIS = YES;
				CLANG_WARN_STRICT_PROTOTYPES = YES;
				CLANG_WARN_SUSPICIOUS_MOVE = YES;
				CLANG_WARN_UNGUARDED_AVAILABILITY = YES_AGGRESSIVE;
				CLANG_WARN_UNREACHABLE_CODE = YES;
				CLANG_WARN__DUPLICATE_METHOD_MATCH = YES;
				COPY_PHASE_STRIP = NO;
				DEBUG_INFORMATION_FORMAT = dwarf;
				ENABLE_STRICT_OBJC_MSGSEND = YES;
				ENABLE_TESTABILITY = YES;
				ENABLE_USER_SCRIPT_SANDBOXING = YES;
				GCC_C_LANGUAGE_STANDARD = gnu11;
				GCC_DYNAMIC_NO_PIC = NO;
				GCC_NO_COMMON_BLOCKS = YES;
				GCC_OPTIMIZATION_LEVEL = 0;
				GCC_PREPROCESSOR_DEFINITIONS = (
					"DEBUG=1",
					"$(inherited)",
				);
				GCC_WARN_64_TO_32_BIT_CONVERSION = YES;
				GCC_WARN_ABOUT_RETURN_TYPE = YES_ERROR;
				GCC_WARN_UNDECLARED_SELECTOR = YES;
				GCC_WARN_UNINITIALIZED_AUTOS = YES_AGGRESSIVE;
				GCC_WARN_UNUSED_FUNCTION = YES;
				GCC_WARN_UNUSED_VARIABLE = YES;
				INFOPLIST_FILE = App/info.plist;
				IPHONEOS_DEPLOYMENT_TARGET = 16.4;
				MTL_ENABLE_DEBUG_INFO = INCLUDE_SOURCE;
				MTL_FAST_MATH = YES;
				ONLY_ACTIVE_ARCH = YES;
				SDKROOT = iphoneos;
				SWIFT_ACTIVE_COMPILATION_CONDITIONS = DEBUG;
				SWIFT_OPTIMIZATION_LEVEL = "-Onone";
			};
			name = Debug;
		};
		194AC5AF2A40F49B00383B29 /* Release */ = {
			isa = XCBuildConfiguration;
			buildSettings = {
				ALWAYS_SEARCH_USER_PATHS = NO;
				ASSETCATALOG_COMPILER_GENERATE_SWIFT_ASSET_SYMBOL_EXTENSIONS = YES;
				CLANG_ANALYZER_NONNULL = YES;
				CLANG_ANALYZER_NUMBER_OBJECT_CONVERSION = YES_AGGRESSIVE;
				CLANG_CXX_LANGUAGE_STANDARD = "gnu++20";
				CLANG_ENABLE_MODULES = YES;
				CLANG_ENABLE_OBJC_ARC = YES;
				CLANG_ENABLE_OBJC_WEAK = YES;
				CLANG_WARN_BLOCK_CAPTURE_AUTORELEASING = YES;
				CLANG_WARN_BOOL_CONVERSION = YES;
				CLANG_WARN_COMMA = YES;
				CLANG_WARN_CONSTANT_CONVERSION = YES;
				CLANG_WARN_DEPRECATED_OBJC_IMPLEMENTATIONS = YES;
				CLANG_WARN_DIRECT_OBJC_ISA_USAGE = YES_ERROR;
				CLANG_WARN_DOCUMENTATION_COMMENTS = YES;
				CLANG_WARN_EMPTY_BODY = YES;
				CLANG_WARN_ENUM_CONVERSION = YES;
				CLANG_WARN_INFINITE_RECURSION = YES;
				CLANG_WARN_INT_CONVERSION = YES;
				CLANG_WARN_NON_LITERAL_NULL_CONVERSION = YES;
				CLANG_WARN_OBJC_IMPLICIT_RETAIN_SELF = YES;
				CLANG_WARN_OBJC_LITERAL_CONVERSION = YES;
				CLANG_WARN_OBJC_ROOT_CLASS = YES_ERROR;
				CLANG_WARN_QUOTED_INCLUDE_IN_FRAMEWORK_HEADER = YES;
				CLANG_WARN_RANGE_LOOP_ANALYSIS = YES;
				CLANG_WARN_STRICT_PROTOTYPES = YES;
				CLANG_WARN_SUSPICIOUS_MOVE = YES;
				CLANG_WARN_UNGUARDED_AVAILABILITY = YES_AGGRESSIVE;
				CLANG_WARN_UNREACHABLE_CODE = YES;
				CLANG_WARN__DUPLICATE_METHOD_MATCH = YES;
				COPY_PHASE_STRIP = NO;
				DEBUG_INFORMATION_FORMAT = "dwarf-with-dsym";
				ENABLE_NS_ASSERTIONS = NO;
				ENABLE_STRICT_OBJC_MSGSEND = YES;
				ENABLE_USER_SCRIPT_SANDBOXING = YES;
				GCC_C_LANGUAGE_STANDARD = gnu11;
				GCC_NO_COMMON_BLOCKS = YES;
				GCC_WARN_64_TO_32_BIT_CONVERSION = YES;
				GCC_WARN_ABOUT_RETURN_TYPE = YES_ERROR;
				GCC_WARN_UNDECLARED_SELECTOR = YES;
				GCC_WARN_UNINITIALIZED_AUTOS = YES_AGGRESSIVE;
				GCC_WARN_UNUSED_FUNCTION = YES;
				GCC_WARN_UNUSED_VARIABLE = YES;
				INFOPLIST_FILE = App/info.plist;
				IPHONEOS_DEPLOYMENT_TARGET = 16.4;
				MTL_ENABLE_DEBUG_INFO = NO;
				MTL_FAST_MATH = YES;
				SDKROOT = iphoneos;
				SWIFT_COMPILATION_MODE = wholemodule;
				SWIFT_OPTIMIZATION_LEVEL = "-O";
				VALIDATE_PRODUCT = YES;
			};
			name = Release;
		};
		194AC5B12A40F49B00383B29 /* Debug */ = {
			isa = XCBuildConfiguration;
			buildSettings = {
				ASSETCATALOG_COMPILER_APPICON_NAME = AppIcon;
				ASSETCATALOG_COMPILER_GLOBAL_ACCENT_COLOR_NAME = AccentColor;
				CODE_SIGN_STYLE = Automatic;
				CURRENT_PROJECT_VERSION = 1;
				DEVELOPMENT_TEAM = 628AH4U335;
				GENERATE_INFOPLIST_FILE = YES;
				INFOPLIST_FILE = Trabits/App/Info.plist;
				INFOPLIST_KEY_CFBundleDisplayName = Trabits;
				INFOPLIST_KEY_UIApplicationSupportsIndirectInputEvents = YES;
				INFOPLIST_KEY_UILaunchStoryboardName = LaunchScreen.storyboard;
				INFOPLIST_KEY_UIMainStoryboardFile = "";
				INFOPLIST_KEY_UISupportedInterfaceOrientations_iPad = "UIInterfaceOrientationPortrait UIInterfaceOrientationPortraitUpsideDown UIInterfaceOrientationLandscapeLeft UIInterfaceOrientationLandscapeRight";
				INFOPLIST_KEY_UISupportedInterfaceOrientations_iPhone = "UIInterfaceOrientationPortrait UIInterfaceOrientationLandscapeLeft UIInterfaceOrientationLandscapeRight";
				IPHONEOS_DEPLOYMENT_TARGET = 16.0;
				LD_RUNPATH_SEARCH_PATHS = (
					"$(inherited)",
					"@executable_path/Frameworks",
				);
				MARKETING_VERSION = 1.0;
				PRODUCT_BUNDLE_IDENTIFIER = me.nborzenko.Trabits;
				PRODUCT_NAME = "$(TARGET_NAME)";
				SUPPORTED_PLATFORMS = "iphoneos iphonesimulator";
				SUPPORTS_MACCATALYST = NO;
				SUPPORTS_MAC_DESIGNED_FOR_IPHONE_IPAD = NO;
				SWIFT_EMIT_LOC_STRINGS = YES;
				SWIFT_VERSION = 5.0;
				TARGETED_DEVICE_FAMILY = "1,2";
			};
			name = Debug;
		};
		194AC5B22A40F49B00383B29 /* Release */ = {
			isa = XCBuildConfiguration;
			buildSettings = {
				ASSETCATALOG_COMPILER_APPICON_NAME = AppIcon;
				ASSETCATALOG_COMPILER_GLOBAL_ACCENT_COLOR_NAME = AccentColor;
				CODE_SIGN_STYLE = Automatic;
				CURRENT_PROJECT_VERSION = 1;
				DEVELOPMENT_TEAM = 628AH4U335;
				GENERATE_INFOPLIST_FILE = YES;
				INFOPLIST_FILE = Trabits/App/Info.plist;
				INFOPLIST_KEY_CFBundleDisplayName = Trabits;
				INFOPLIST_KEY_UIApplicationSupportsIndirectInputEvents = YES;
				INFOPLIST_KEY_UILaunchStoryboardName = LaunchScreen.storyboard;
				INFOPLIST_KEY_UIMainStoryboardFile = "";
				INFOPLIST_KEY_UISupportedInterfaceOrientations_iPad = "UIInterfaceOrientationPortrait UIInterfaceOrientationPortraitUpsideDown UIInterfaceOrientationLandscapeLeft UIInterfaceOrientationLandscapeRight";
				INFOPLIST_KEY_UISupportedInterfaceOrientations_iPhone = "UIInterfaceOrientationPortrait UIInterfaceOrientationLandscapeLeft UIInterfaceOrientationLandscapeRight";
				IPHONEOS_DEPLOYMENT_TARGET = 16.0;
				LD_RUNPATH_SEARCH_PATHS = (
					"$(inherited)",
					"@executable_path/Frameworks",
				);
				MARKETING_VERSION = 1.0;
				PRODUCT_BUNDLE_IDENTIFIER = me.nborzenko.Trabits;
				PRODUCT_NAME = "$(TARGET_NAME)";
				SUPPORTED_PLATFORMS = "iphoneos iphonesimulator";
				SUPPORTS_MACCATALYST = NO;
				SUPPORTS_MAC_DESIGNED_FOR_IPHONE_IPAD = NO;
				SWIFT_EMIT_LOC_STRINGS = YES;
				SWIFT_VERSION = 5.0;
				TARGETED_DEVICE_FAMILY = "1,2";
			};
			name = Release;
		};
/* End XCBuildConfiguration section */

/* Begin XCConfigurationList section */
		194AC5942A40F49900383B29 /* Build configuration list for PBXProject "Trabits" */ = {
			isa = XCConfigurationList;
			buildConfigurations = (
				194AC5AE2A40F49B00383B29 /* Debug */,
				194AC5AF2A40F49B00383B29 /* Release */,
			);
			defaultConfigurationIsVisible = 0;
			defaultConfigurationName = Release;
		};
		194AC5B02A40F49B00383B29 /* Build configuration list for PBXNativeTarget "Trabits" */ = {
			isa = XCConfigurationList;
			buildConfigurations = (
				194AC5B12A40F49B00383B29 /* Debug */,
				194AC5B22A40F49B00383B29 /* Release */,
			);
			defaultConfigurationIsVisible = 0;
			defaultConfigurationName = Release;
		};
/* End XCConfigurationList section */

/* Begin XCVersionGroup section */
		19020CFE2A7D98CF00616BBE /* Trabits.xcdatamodeld */ = {
			isa = XCVersionGroup;
			children = (
				19020CFF2A7D98CF00616BBE /* Trabits.xcdatamodel */,
			);
			currentVersion = 19020CFF2A7D98CF00616BBE /* Trabits.xcdatamodel */;
			path = Trabits.xcdatamodeld;
			sourceTree = "<group>";
			versionGroupType = wrapper.xcdatamodel;
		};
/* End XCVersionGroup section */
	};
	rootObject = 194AC5912A40F49900383B29 /* Project object */;
}
